// !$*UTF8*$!
{
	archiveVersion = 1;
	classes = {
	};
	objectVersion = 50;
	objects = {

/* Begin PBXBuildFile section */
		A7BA3F6C7F18948935A89D7C /* Pods_MarvelApp.framework in Frameworks */ = {isa = PBXBuildFile; fileRef = D91302CD6261AED78C88FF2D /* Pods_MarvelApp.framework */; };
		EF41990221753E8F0098A7B8 /* CharModel.swift in Sources */ = {isa = PBXBuildFile; fileRef = EF41990121753E8F0098A7B8 /* CharModel.swift */; };
		EF419904217546940098A7B8 /* UIImageView+URL.swift in Sources */ = {isa = PBXBuildFile; fileRef = EF419903217546940098A7B8 /* UIImageView+URL.swift */; };
		EF6082DA2174371000F029D8 /* DataManager.swift in Sources */ = {isa = PBXBuildFile; fileRef = EF6082D92174371000F029D8 /* DataManager.swift */; };
		EFB1360E2173A01C008CD0CF /* AppDelegate.swift in Sources */ = {isa = PBXBuildFile; fileRef = EFB1360D2173A01C008CD0CF /* AppDelegate.swift */; };
		EFB136132173A01C008CD0CF /* Main.storyboard in Resources */ = {isa = PBXBuildFile; fileRef = EFB136112173A01C008CD0CF /* Main.storyboard */; };
		EFB136162173A01C008CD0CF /* MarvelApp.xcdatamodeld in Sources */ = {isa = PBXBuildFile; fileRef = EFB136142173A01C008CD0CF /* MarvelApp.xcdatamodeld */; };
		EFB136182173A01D008CD0CF /* Assets.xcassets in Resources */ = {isa = PBXBuildFile; fileRef = EFB136172173A01D008CD0CF /* Assets.xcassets */; };
		EFB1361B2173A01D008CD0CF /* LaunchScreen.storyboard in Resources */ = {isa = PBXBuildFile; fileRef = EFB136192173A01D008CD0CF /* LaunchScreen.storyboard */; };
		EFB136232173A082008CD0CF /* TableViewController.swift in Sources */ = {isa = PBXBuildFile; fileRef = EFB136222173A082008CD0CF /* TableViewController.swift */; };
		EFB136252173A092008CD0CF /* TableViewCell.swift in Sources */ = {isa = PBXBuildFile; fileRef = EFB136242173A092008CD0CF /* TableViewCell.swift */; };
/* End PBXBuildFile section */

/* Begin PBXFileReference section */
		D91302CD6261AED78C88FF2D /* Pods_MarvelApp.framework */ = {isa = PBXFileReference; explicitFileType = wrapper.framework; includeInIndex = 0; path = Pods_MarvelApp.framework; sourceTree = BUILT_PRODUCTS_DIR; };
		EF41990121753E8F0098A7B8 /* CharModel.swift */ = {isa = PBXFileReference; lastKnownFileType = sourcecode.swift; path = CharModel.swift; sourceTree = "<group>"; };
		EF419903217546940098A7B8 /* UIImageView+URL.swift */ = {isa = PBXFileReference; lastKnownFileType = sourcecode.swift; path = "UIImageView+URL.swift"; sourceTree = "<group>"; };
		EF6082D92174371000F029D8 /* DataManager.swift */ = {isa = PBXFileReference; lastKnownFileType = sourcecode.swift; path = DataManager.swift; sourceTree = "<group>"; };
		EFB1360A2173A01C008CD0CF /* MarvelApp.app */ = {isa = PBXFileReference; explicitFileType = wrapper.application; includeInIndex = 0; path = MarvelApp.app; sourceTree = BUILT_PRODUCTS_DIR; };
		EFB1360D2173A01C008CD0CF /* AppDelegate.swift */ = {isa = PBXFileReference; lastKnownFileType = sourcecode.swift; path = AppDelegate.swift; sourceTree = "<group>"; };
		EFB136122173A01C008CD0CF /* Base */ = {isa = PBXFileReference; lastKnownFileType = file.storyboard; name = Base; path = Base.lproj/Main.storyboard; sourceTree = "<group>"; };
		EFB136152173A01C008CD0CF /* MarvelApp.xcdatamodel */ = {isa = PBXFileReference; lastKnownFileType = wrapper.xcdatamodel; path = MarvelApp.xcdatamodel; sourceTree = "<group>"; };
		EFB136172173A01D008CD0CF /* Assets.xcassets */ = {isa = PBXFileReference; lastKnownFileType = folder.assetcatalog; path = Assets.xcassets; sourceTree = "<group>"; };
		EFB1361A2173A01D008CD0CF /* Base */ = {isa = PBXFileReference; lastKnownFileType = file.storyboard; name = Base; path = Base.lproj/LaunchScreen.storyboard; sourceTree = "<group>"; };
		EFB1361C2173A01D008CD0CF /* Info.plist */ = {isa = PBXFileReference; lastKnownFileType = text.plist.xml; path = Info.plist; sourceTree = "<group>"; };
		EFB136222173A082008CD0CF /* TableViewController.swift */ = {isa = PBXFileReference; lastKnownFileType = sourcecode.swift; path = TableViewController.swift; sourceTree = "<group>"; };
		EFB136242173A092008CD0CF /* TableViewCell.swift */ = {isa = PBXFileReference; lastKnownFileType = sourcecode.swift; path = TableViewCell.swift; sourceTree = "<group>"; };
		F5247A8CFDC6897E8D6F7CDB /* Pods-MarvelApp.release.xcconfig */ = {isa = PBXFileReference; includeInIndex = 1; lastKnownFileType = text.xcconfig; name = "Pods-MarvelApp.release.xcconfig"; path = "Pods/Target Support Files/Pods-MarvelApp/Pods-MarvelApp.release.xcconfig"; sourceTree = "<group>"; };
		F91FD71B64CF0857121CD02E /* Pods-MarvelApp.debug.xcconfig */ = {isa = PBXFileReference; includeInIndex = 1; lastKnownFileType = text.xcconfig; name = "Pods-MarvelApp.debug.xcconfig"; path = "Pods/Target Support Files/Pods-MarvelApp/Pods-MarvelApp.debug.xcconfig"; sourceTree = "<group>"; };
/* End PBXFileReference section */

/* Begin PBXFrameworksBuildPhase section */
		EFB136072173A01C008CD0CF /* Frameworks */ = {
			isa = PBXFrameworksBuildPhase;
			buildActionMask = 2147483647;
			files = (
				A7BA3F6C7F18948935A89D7C /* Pods_MarvelApp.framework in Frameworks */,
			);
			runOnlyForDeploymentPostprocessing = 0;
		};
/* End PBXFrameworksBuildPhase section */

/* Begin PBXGroup section */
		5D21336EE71CD13A12014C97 /* Pods */ = {
			isa = PBXGroup;
			children = (
				F91FD71B64CF0857121CD02E /* Pods-MarvelApp.debug.xcconfig */,
				F5247A8CFDC6897E8D6F7CDB /* Pods-MarvelApp.release.xcconfig */,
			);
			name = Pods;
			sourceTree = "<group>";
		};
		9399A2E12EC56B4A2880F2DC /* Frameworks */ = {
			isa = PBXGroup;
			children = (
				D91302CD6261AED78C88FF2D /* Pods_MarvelApp.framework */,
			);
			name = Frameworks;
			sourceTree = "<group>";
		};
		EFB136012173A01C008CD0CF = {
			isa = PBXGroup;
			children = (
				EFB1360C2173A01C008CD0CF /* MarvelApp */,
				EFB1360B2173A01C008CD0CF /* Products */,
				5D21336EE71CD13A12014C97 /* Pods */,
				9399A2E12EC56B4A2880F2DC /* Frameworks */,
			);
			sourceTree = "<group>";
		};
		EFB1360B2173A01C008CD0CF /* Products */ = {
			isa = PBXGroup;
			children = (
				EFB1360A2173A01C008CD0CF /* MarvelApp.app */,
			);
			name = Products;
			sourceTree = "<group>";
		};
		EFB1360C2173A01C008CD0CF /* MarvelApp */ = {
			isa = PBXGroup;
			children = (
				EFB1360D2173A01C008CD0CF /* AppDelegate.swift */,
				EFB136112173A01C008CD0CF /* Main.storyboard */,
				EFB136172173A01D008CD0CF /* Assets.xcassets */,
				EFB136192173A01D008CD0CF /* LaunchScreen.storyboard */,
				EFB1361C2173A01D008CD0CF /* Info.plist */,
				EFB136142173A01C008CD0CF /* MarvelApp.xcdatamodeld */,
				EFB136222173A082008CD0CF /* TableViewController.swift */,
				EFB136242173A092008CD0CF /* TableViewCell.swift */,
				EF6082D92174371000F029D8 /* DataManager.swift */,
				EF41990121753E8F0098A7B8 /* CharModel.swift */,
				EF419903217546940098A7B8 /* UIImageView+URL.swift */,
			);
			path = MarvelApp;
			sourceTree = "<group>";
		};
/* End PBXGroup section */

/* Begin PBXNativeTarget section */
		EFB136092173A01C008CD0CF /* MarvelApp */ = {
			isa = PBXNativeTarget;
			buildConfigurationList = EFB1361F2173A01E008CD0CF /* Build configuration list for PBXNativeTarget "MarvelApp" */;
			buildPhases = (
				B98ADAD140B052563F54ED87 /* [CP] Check Pods Manifest.lock */,
				EFB136062173A01C008CD0CF /* Sources */,
				EFB136072173A01C008CD0CF /* Frameworks */,
				EFB136082173A01C008CD0CF /* Resources */,
				9F4109ED279E639F1628F797 /* [CP] Embed Pods Frameworks */,
			);
			buildRules = (
			);
			dependencies = (
			);
			name = MarvelApp;
			productName = MarvelApp;
			productReference = EFB1360A2173A01C008CD0CF /* MarvelApp.app */;
			productType = "com.apple.product-type.application";
		};
/* End PBXNativeTarget section */

/* Begin PBXProject section */
		EFB136022173A01C008CD0CF /* Project object */ = {
			isa = PBXProject;
			attributes = {
				LastSwiftUpdateCheck = 0940;
				LastUpgradeCheck = 0940;
				ORGANIZATIONNAME = Amahy;
				TargetAttributes = {
					EFB136092173A01C008CD0CF = {
						CreatedOnToolsVersion = 9.4.1;
					};
				};
			};
			buildConfigurationList = EFB136052173A01C008CD0CF /* Build configuration list for PBXProject "MarvelApp" */;
			compatibilityVersion = "Xcode 9.3";
			developmentRegion = en;
			hasScannedForEncodings = 0;
			knownRegions = (
				en,
				Base,
			);
			mainGroup = EFB136012173A01C008CD0CF;
			productRefGroup = EFB1360B2173A01C008CD0CF /* Products */;
			projectDirPath = "";
			projectRoot = "";
			targets = (
				EFB136092173A01C008CD0CF /* MarvelApp */,
			);
		};
/* End PBXProject section */

/* Begin PBXResourcesBuildPhase section */
		EFB136082173A01C008CD0CF /* Resources */ = {
			isa = PBXResourcesBuildPhase;
			buildActionMask = 2147483647;
			files = (
				EFB1361B2173A01D008CD0CF /* LaunchScreen.storyboard in Resources */,
				EFB136182173A01D008CD0CF /* Assets.xcassets in Resources */,
				EFB136132173A01C008CD0CF /* Main.storyboard in Resources */,
			);
			runOnlyForDeploymentPostprocessing = 0;
		};
/* End PBXResourcesBuildPhase section */

/* Begin PBXShellScriptBuildPhase section */
		9F4109ED279E639F1628F797 /* [CP] Embed Pods Frameworks */ = {
			isa = PBXShellScriptBuildPhase;
			buildActionMask = 2147483647;
			files = (
			);
			inputPaths = (
				"${SRCROOT}/Pods/Target Support Files/Pods-MarvelApp/Pods-MarvelApp-frameworks.sh",
				"${BUILT_PRODUCTS_DIR}/Alamofire/Alamofire.framework",
				"${BUILT_PRODUCTS_DIR}/CryptoSwift/CryptoSwift.framework",
				"${BUILT_PRODUCTS_DIR}/SwiftyJSON/SwiftyJSON.framework",
			);
			name = "[CP] Embed Pods Frameworks";
			outputPaths = (
				"${TARGET_BUILD_DIR}/${FRAMEWORKS_FOLDER_PATH}/Alamofire.framework",
				"${TARGET_BUILD_DIR}/${FRAMEWORKS_FOLDER_PATH}/CryptoSwift.framework",
				"${TARGET_BUILD_DIR}/${FRAMEWORKS_FOLDER_PATH}/SwiftyJSON.framework",
			);
			runOnlyForDeploymentPostprocessing = 0;
			shellPath = /bin/sh;
			shellScript = "\"${SRCROOT}/Pods/Target Support Files/Pods-MarvelApp/Pods-MarvelApp-frameworks.sh\"\n";
			showEnvVarsInLog = 0;
		};
		B98ADAD140B052563F54ED87 /* [CP] Check Pods Manifest.lock */ = {
			isa = PBXShellScriptBuildPhase;
			buildActionMask = 2147483647;
			files = (
			);
			inputPaths = (
				"${PODS_PODFILE_DIR_PATH}/Podfile.lock",
				"${PODS_ROOT}/Manifest.lock",
			);
			name = "[CP] Check Pods Manifest.lock";
			outputPaths = (
				"$(DERIVED_FILE_DIR)/Pods-MarvelApp-checkManifestLockResult.txt",
			);
			runOnlyForDeploymentPostprocessing = 0;
			shellPath = /bin/sh;
			shellScript = "diff \"${PODS_PODFILE_DIR_PATH}/Podfile.lock\" \"${PODS_ROOT}/Manifest.lock\" > /dev/null\nif [ $? != 0 ] ; then\n    # print error to STDERR\n    echo \"error: The sandbox is not in sync with the Podfile.lock. Run 'pod install' or update your CocoaPods installation.\" >&2\n    exit 1\nfi\n# This output is used by Xcode 'outputs' to avoid re-running this script phase.\necho \"SUCCESS\" > \"${SCRIPT_OUTPUT_FILE_0}\"\n";
			showEnvVarsInLog = 0;
		};
/* End PBXShellScriptBuildPhase section */

/* Begin PBXSourcesBuildPhase section */
		EFB136062173A01C008CD0CF /* Sources */ = {
			isa = PBXSourcesBuildPhase;
			buildActionMask = 2147483647;
			files = (
				EFB136162173A01C008CD0CF /* MarvelApp.xcdatamodeld in Sources */,
				EF6082DA2174371000F029D8 /* DataManager.swift in Sources */,
				EFB136252173A092008CD0CF /* TableViewCell.swift in Sources */,
				EFB136232173A082008CD0CF /* TableViewController.swift in Sources */,
				EFB1360E2173A01C008CD0CF /* AppDelegate.swift in Sources */,
				EF419904217546940098A7B8 /* UIImageView+URL.swift in Sources */,
				EF41990221753E8F0098A7B8 /* CharModel.swift in Sources */,
			);
			runOnlyForDeploymentPostprocessing = 0;
		};
/* End PBXSourcesBuildPhase section */

/* Begin PBXVariantGroup section */
		EFB136112173A01C008CD0CF /* Main.storyboard */ = {
			isa = PBXVariantGroup;
			children = (
				EFB136122173A01C008CD0CF /* Base */,
			);
			name = Main.storyboard;
			sourceTree = "<group>";
		};
		EFB136192173A01D008CD0CF /* LaunchScreen.storyboard */ = {
			isa = PBXVariantGroup;
			children = (
				EFB1361A2173A01D008CD0CF /* Base */,
			);
			name = LaunchScreen.storyboard;
			sourceTree = "<group>";
		};
/* End PBXVariantGroup section */

/* Begin XCBuildConfiguration section */
		EFB1361D2173A01D008CD0CF /* Debug */ = {
			isa = XCBuildConfiguration;
			buildSettings = {
				ALWAYS_SEARCH_USER_PATHS = NO;
				CLANG_ANALYZER_NONNULL = YES;
				CLANG_ANALYZER_NUMBER_OBJECT_CONVERSION = YES_AGGRESSIVE;
				CLANG_CXX_LANGUAGE_STANDARD = "gnu++14";
				CLANG_CXX_LIBRARY = "libc++";
				CLANG_ENABLE_MODULES = YES;
				CLANG_ENABLE_OBJC_ARC = YES;
				CLANG_ENABLE_OBJC_WEAK = YES;
				CLANG_WARN_BLOCK_CAPTURE_AUTORELEASING = YES;
				CLANG_WARN_BOOL_CONVERSION = YES;
				CLANG_WARN_COMMA = YES;
				CLANG_WARN_CONSTANT_CONVERSION = YES;
				CLANG_WARN_DEPRECATED_OBJC_IMPLEMENTATIONS = YES;
				CLANG_WARN_DIRECT_OBJC_ISA_USAGE = YES_ERROR;
				CLANG_WARN_DOCUMENTATION_COMMENTS = YES;
				CLANG_WARN_EMPTY_BODY = YES;
				CLANG_WARN_ENUM_CONVERSION = YES;
				CLANG_WARN_INFINITE_RECURSION = YES;
				CLANG_WARN_INT_CONVERSION = YES;
				CLANG_WARN_NON_LITERAL_NULL_CONVERSION = YES;
				CLANG_WARN_OBJC_IMPLICIT_RETAIN_SELF = YES;
				CLANG_WARN_OBJC_LITERAL_CONVERSION = YES;
				CLANG_WARN_OBJC_ROOT_CLASS = YES_ERROR;
				CLANG_WARN_RANGE_LOOP_ANALYSIS = YES;
				CLANG_WARN_STRICT_PROTOTYPES = YES;
				CLANG_WARN_SUSPICIOUS_MOVE = YES;
				CLANG_WARN_UNGUARDED_AVAILABILITY = YES_AGGRESSIVE;
				CLANG_WARN_UNREACHABLE_CODE = YES;
				CLANG_WARN__DUPLICATE_METHOD_MATCH = YES;
				CODE_SIGN_IDENTITY = "iPhone Developer";
				COPY_PHASE_STRIP = NO;
				DEBUG_INFORMATION_FORMAT = dwarf;
				ENABLE_STRICT_OBJC_MSGSEND = YES;
				ENABLE_TESTABILITY = YES;
				GCC_C_LANGUAGE_STANDARD = gnu11;
				GCC_DYNAMIC_NO_PIC = NO;
				GCC_NO_COMMON_BLOCKS = YES;
				GCC_OPTIMIZATION_LEVEL = 0;
				GCC_PREPROCESSOR_DEFINITIONS = (
					"DEBUG=1",
					"$(inherited)",
				);
				GCC_WARN_64_TO_32_BIT_CONVERSION = YES;
				GCC_WARN_ABOUT_RETURN_TYPE = YES_ERROR;
				GCC_WARN_UNDECLARED_SELECTOR = YES;
				GCC_WARN_UNINITIALIZED_AUTOS = YES_AGGRESSIVE;
				GCC_WARN_UNUSED_FUNCTION = YES;
				GCC_WARN_UNUSED_VARIABLE = YES;
				IPHONEOS_DEPLOYMENT_TARGET = 11.4;
				MTL_ENABLE_DEBUG_INFO = YES;
				ONLY_ACTIVE_ARCH = YES;
				SDKROOT = iphoneos;
				SWIFT_ACTIVE_COMPILATION_CONDITIONS = DEBUG;
				SWIFT_OPTIMIZATION_LEVEL = "-Onone";
			};
			name = Debug;
		};
		EFB1361E2173A01D008CD0CF /* Release */ = {
			isa = XCBuildConfiguration;
			buildSettings = {
				ALWAYS_SEARCH_USER_PATHS = NO;
				CLANG_ANALYZER_NONNULL = YES;
				CLANG_ANALYZER_NUMBER_OBJECT_CONVERSION = YES_AGGRESSIVE;
				CLANG_CXX_LANGUAGE_STANDARD = "gnu++14";
				CLANG_CXX_LIBRARY = "libc++";
				CLANG_ENABLE_MODULES = YES;
				CLANG_ENABLE_OBJC_ARC = YES;
				CLANG_ENABLE_OBJC_WEAK = YES;
				CLANG_WARN_BLOCK_CAPTURE_AUTORELEASING = YES;
				CLANG_WARN_BOOL_CONVERSION = YES;
				CLANG_WARN_COMMA = YES;
				CLANG_WARN_CONSTANT_CONVERSION = YES;
				CLANG_WARN_DEPRECATED_OBJC_IMPLEMENTATIONS = YES;
				CLANG_WARN_DIRECT_OBJC_ISA_USAGE = YES_ERROR;
				CLANG_WARN_DOCUMENTATION_COMMENTS = YES;
				CLANG_WARN_EMPTY_BODY = YES;
				CLANG_WARN_ENUM_CONVERSION = YES;
				CLANG_WARN_INFINITE_RECURSION = YES;
				CLANG_WARN_INT_CONVERSION = YES;
				CLANG_WARN_NON_LITERAL_NULL_CONVERSION = YES;
				CLANG_WARN_OBJC_IMPLICIT_RETAIN_SELF = YES;
				CLANG_WARN_OBJC_LITERAL_CONVERSION = YES;
				CLANG_WARN_OBJC_ROOT_CLASS = YES_ERROR;
				CLANG_WARN_RANGE_LOOP_ANALYSIS = YES;
				CLANG_WARN_STRICT_PROTOTYPES = YES;
				CLANG_WARN_SUSPICIOUS_MOVE = YES;
				CLANG_WARN_UNGUARDED_AVAILABILITY = YES_AGGRESSIVE;
				CLANG_WARN_UNREACHABLE_CODE = YES;
				CLANG_WARN__DUPLICATE_METHOD_MATCH = YES;
				CODE_SIGN_IDENTITY = "iPhone Developer";
				COPY_PHASE_STRIP = NO;
				DEBUG_INFORMATION_FORMAT = "dwarf-with-dsym";
				ENABLE_NS_ASSERTIONS = NO;
				ENABLE_STRICT_OBJC_MSGSEND = YES;
				GCC_C_LANGUAGE_STANDARD = gnu11;
				GCC_NO_COMMON_BLOCKS = YES;
				GCC_WARN_64_TO_32_BIT_CONVERSION = YES;
				GCC_WARN_ABOUT_RETURN_TYPE = YES_ERROR;
				GCC_WARN_UNDECLARED_SELECTOR = YES;
				GCC_WARN_UNINITIALIZED_AUTOS = YES_AGGRESSIVE;
				GCC_WARN_UNUSED_FUNCTION = YES;
				GCC_WARN_UNUSED_VARIABLE = YES;
				IPHONEOS_DEPLOYMENT_TARGET = 11.4;
				MTL_ENABLE_DEBUG_INFO = NO;
				SDKROOT = iphoneos;
				SWIFT_COMPILATION_MODE = wholemodule;
				SWIFT_OPTIMIZATION_LEVEL = "-O";
				VALIDATE_PRODUCT = YES;
			};
			name = Release;
		};
		EFB136202173A01E008CD0CF /* Debug */ = {
			isa = XCBuildConfiguration;
			baseConfigurationReference = F91FD71B64CF0857121CD02E /* Pods-MarvelApp.debug.xcconfig */;
			buildSettings = {
				ASSETCATALOG_COMPILER_APPICON_NAME = AppIcon;
				CODE_SIGN_STYLE = Automatic;
				DEVELOPMENT_TEAM = 9HKUVL2QGT;
				INFOPLIST_FILE = MarvelApp/Info.plist;
				LD_RUNPATH_SEARCH_PATHS = (
					"$(inherited)",
					"@executable_path/Frameworks",
				);
				PRODUCT_BUNDLE_IDENTIFIER = com.amahy.MarvelApp;
				PRODUCT_NAME = "$(TARGET_NAME)";
				SWIFT_VERSION = 4.0;
				TARGETED_DEVICE_FAMILY = "1,2";
			};
			name = Debug;
		};
		EFB136212173A01E008CD0CF /* Release */ = {
			isa = XCBuildConfiguration;
			baseConfigurationReference = F5247A8CFDC6897E8D6F7CDB /* Pods-MarvelApp.release.xcconfig */;
			buildSettings = {
				ASSETCATALOG_COMPILER_APPICON_NAME = AppIcon;
				CODE_SIGN_STYLE = Automatic;
				DEVELOPMENT_TEAM = 9HKUVL2QGT;
				INFOPLIST_FILE = MarvelApp/Info.plist;
				LD_RUNPATH_SEARCH_PATHS = (
					"$(inherited)",
					"@executable_path/Frameworks",
				);
				PRODUCT_BUNDLE_IDENTIFIER = com.amahy.MarvelApp;
				PRODUCT_NAME = "$(TARGET_NAME)";
				SWIFT_VERSION = 4.0;
				TARGETED_DEVICE_FAMILY = "1,2";
			};
			name = Release;
		};
/* End XCBuildConfiguration section */

/* Begin XCConfigurationList section */
		EFB136052173A01C008CD0CF /* Build configuration list for PBXProject "MarvelApp" */ = {
			isa = XCConfigurationList;
			buildConfigurations = (
				EFB1361D2173A01D008CD0CF /* Debug */,
				EFB1361E2173A01D008CD0CF /* Release */,
			);
			defaultConfigurationIsVisible = 0;
			defaultConfigurationName = Release;
		};
		EFB1361F2173A01E008CD0CF /* Build configuration list for PBXNativeTarget "MarvelApp" */ = {
			isa = XCConfigurationList;
			buildConfigurations = (
				EFB136202173A01E008CD0CF /* Debug */,
				EFB136212173A01E008CD0CF /* Release */,
			);
			defaultConfigurationIsVisible = 0;
			defaultConfigurationName = Release;
		};
/* End XCConfigurationList section */

/* Begin XCVersionGroup section */
		EFB136142173A01C008CD0CF /* MarvelApp.xcdatamodeld */ = {
			isa = XCVersionGroup;
			children = (
				EFB136152173A01C008CD0CF /* MarvelApp.xcdatamodel */,
			);
			currentVersion = EFB136152173A01C008CD0CF /* MarvelApp.xcdatamodel */;
			path = MarvelApp.xcdatamodeld;
			sourceTree = "<group>";
			versionGroupType = wrapper.xcdatamodel;
		};
/* End XCVersionGroup section */
	};
	rootObject = EFB136022173A01C008CD0CF /* Project object */;
}
